// !$*UTF8*$!
{
	archiveVersion = 1;
	classes = {
	};
	objectVersion = 56;
	objects = {

/* Begin PBXBuildFile section */
		AC66129A29F9121500D38DB5 /* InfinityScrollingApp.swift in Sources */ = {isa = PBXBuildFile; fileRef = AC66129929F9121500D38DB5 /* InfinityScrollingApp.swift */; };
		AC66129C29F9121500D38DB5 /* ContentView.swift in Sources */ = {isa = PBXBuildFile; fileRef = AC66129B29F9121500D38DB5 /* ContentView.swift */; };
		AC66129E29F9121600D38DB5 /* Assets.xcassets in Resources */ = {isa = PBXBuildFile; fileRef = AC66129D29F9121600D38DB5 /* Assets.xcassets */; };
		AC6612A129F9121600D38DB5 /* Preview Assets.xcassets in Resources */ = {isa = PBXBuildFile; fileRef = AC6612A029F9121600D38DB5 /* Preview Assets.xcassets */; };
		AC6612A829F916F200D38DB5 /* UserView.swift in Sources */ = {isa = PBXBuildFile; fileRef = AC6612A729F916F200D38DB5 /* UserView.swift */; };
		AC6612AA29F91F3800D38DB5 /* UserModel.swift in Sources */ = {isa = PBXBuildFile; fileRef = AC6612A929F91F3800D38DB5 /* UserModel.swift */; };
		AC6612B029F9211200D38DB5 /* ApiService.swift in Sources */ = {isa = PBXBuildFile; fileRef = AC6612AF29F9211200D38DB5 /* ApiService.swift */; };
		AC6612B229F9257100D38DB5 /* UserViewModel.swift in Sources */ = {isa = PBXBuildFile; fileRef = AC6612B129F9257100D38DB5 /* UserViewModel.swift */; };
		AC6612B429F930B700D38DB5 /* Spinner.swift in Sources */ = {isa = PBXBuildFile; fileRef = AC6612B329F930B700D38DB5 /* Spinner.swift */; };
		AC6612B629F93B3D00D38DB5 /* DetailView.swift in Sources */ = {isa = PBXBuildFile; fileRef = AC6612B529F93B3D00D38DB5 /* DetailView.swift */; };
		AC6612B929F93BE300D38DB5 /* SDWebImageSwiftUI in Frameworks */ = {isa = PBXBuildFile; productRef = AC6612B829F93BE300D38DB5 /* SDWebImageSwiftUI */; };
/* End PBXBuildFile section */

/* Begin PBXFileReference section */
		AC66129629F9121500D38DB5 /* InfinityScrolling.app */ = {isa = PBXFileReference; explicitFileType = wrapper.application; includeInIndex = 0; path = InfinityScrolling.app; sourceTree = BUILT_PRODUCTS_DIR; };
		AC66129929F9121500D38DB5 /* InfinityScrollingApp.swift */ = {isa = PBXFileReference; lastKnownFileType = sourcecode.swift; path = InfinityScrollingApp.swift; sourceTree = "<group>"; };
		AC66129B29F9121500D38DB5 /* ContentView.swift */ = {isa = PBXFileReference; lastKnownFileType = sourcecode.swift; path = ContentView.swift; sourceTree = "<group>"; };
		AC66129D29F9121600D38DB5 /* Assets.xcassets */ = {isa = PBXFileReference; lastKnownFileType = folder.assetcatalog; path = Assets.xcassets; sourceTree = "<group>"; };
		AC6612A029F9121600D38DB5 /* Preview Assets.xcassets */ = {isa = PBXFileReference; lastKnownFileType = folder.assetcatalog; path = "Preview Assets.xcassets"; sourceTree = "<group>"; };
		AC6612A729F916F200D38DB5 /* UserView.swift */ = {isa = PBXFileReference; lastKnownFileType = sourcecode.swift; path = UserView.swift; sourceTree = "<group>"; };
		AC6612A929F91F3800D38DB5 /* UserModel.swift */ = {isa = PBXFileReference; lastKnownFileType = sourcecode.swift; path = UserModel.swift; sourceTree = "<group>"; };
		AC6612AF29F9211200D38DB5 /* ApiService.swift */ = {isa = PBXFileReference; lastKnownFileType = sourcecode.swift; path = ApiService.swift; sourceTree = "<group>"; };
		AC6612B129F9257100D38DB5 /* UserViewModel.swift */ = {isa = PBXFileReference; lastKnownFileType = sourcecode.swift; path = UserViewModel.swift; sourceTree = "<group>"; };
		AC6612B329F930B700D38DB5 /* Spinner.swift */ = {isa = PBXFileReference; lastKnownFileType = sourcecode.swift; path = Spinner.swift; sourceTree = "<group>"; };
		AC6612B529F93B3D00D38DB5 /* DetailView.swift */ = {isa = PBXFileReference; lastKnownFileType = sourcecode.swift; path = DetailView.swift; sourceTree = "<group>"; };
/* End PBXFileReference section */

/* Begin PBXFrameworksBuildPhase section */
		AC66129329F9121500D38DB5 /* Frameworks */ = {
			isa = PBXFrameworksBuildPhase;
			buildActionMask = 2147483647;
			files = (
				AC6612B929F93BE300D38DB5 /* SDWebImageSwiftUI in Frameworks */,
			);
			runOnlyForDeploymentPostprocessing = 0;
		};
/* End PBXFrameworksBuildPhase section */

/* Begin PBXGroup section */
		AC66128D29F9121500D38DB5 = {
			isa = PBXGroup;
			children = (
				AC66129829F9121500D38DB5 /* InfinityScrolling */,
				AC66129729F9121500D38DB5 /* Products */,
			);
			sourceTree = "<group>";
		};
		AC66129729F9121500D38DB5 /* Products */ = {
			isa = PBXGroup;
			children = (
				AC66129629F9121500D38DB5 /* InfinityScrolling.app */,
			);
			name = Products;
			sourceTree = "<group>";
		};
		AC66129829F9121500D38DB5 /* InfinityScrolling */ = {
			isa = PBXGroup;
			children = (
				AC6612AE29F920FD00D38DB5 /* ApiManager */,
				AC6612AD29F920EA00D38DB5 /* View */,
				AC6612AC29F920E000D38DB5 /* Model */,
				AC6612AB29F920D400D38DB5 /* ViewModel */,
				AC66129929F9121500D38DB5 /* InfinityScrollingApp.swift */,
				AC66129D29F9121600D38DB5 /* Assets.xcassets */,
				AC66129F29F9121600D38DB5 /* Preview Content */,
				AC6612B329F930B700D38DB5 /* Spinner.swift */,
			);
			path = InfinityScrolling;
			sourceTree = "<group>";
		};
		AC66129F29F9121600D38DB5 /* Preview Content */ = {
			isa = PBXGroup;
			children = (
				AC6612A029F9121600D38DB5 /* Preview Assets.xcassets */,
			);
			path = "Preview Content";
			sourceTree = "<group>";
		};
		AC6612AB29F920D400D38DB5 /* ViewModel */ = {
			isa = PBXGroup;
			children = (
				AC6612B129F9257100D38DB5 /* UserViewModel.swift */,
			);
			path = ViewModel;
			sourceTree = "<group>";
		};
		AC6612AC29F920E000D38DB5 /* Model */ = {
			isa = PBXGroup;
			children = (
				AC6612A929F91F3800D38DB5 /* UserModel.swift */,
			);
			path = Model;
			sourceTree = "<group>";
		};
		AC6612AD29F920EA00D38DB5 /* View */ = {
			isa = PBXGroup;
			children = (
				AC66129B29F9121500D38DB5 /* ContentView.swift */,
				AC6612A729F916F200D38DB5 /* UserView.swift */,
				AC6612B529F93B3D00D38DB5 /* DetailView.swift */,
			);
			path = View;
			sourceTree = "<group>";
		};
		AC6612AE29F920FD00D38DB5 /* ApiManager */ = {
			isa = PBXGroup;
			children = (
				AC6612AF29F9211200D38DB5 /* ApiService.swift */,
			);
			path = ApiManager;
			sourceTree = "<group>";
		};
/* End PBXGroup section */

/* Begin PBXNativeTarget section */
		AC66129529F9121500D38DB5 /* InfinityScrolling */ = {
			isa = PBXNativeTarget;
			buildConfigurationList = AC6612A429F9121600D38DB5 /* Build configuration list for PBXNativeTarget "InfinityScrolling" */;
			buildPhases = (
				AC66129229F9121500D38DB5 /* Sources */,
				AC66129329F9121500D38DB5 /* Frameworks */,
				AC66129429F9121500D38DB5 /* Resources */,
			);
			buildRules = (
			);
			dependencies = (
			);
			name = InfinityScrolling;
			packageProductDependencies = (
				AC6612B829F93BE300D38DB5 /* SDWebImageSwiftUI */,
			);
			productName = InfinityScrolling;
			productReference = AC66129629F9121500D38DB5 /* InfinityScrolling.app */;
			productType = "com.apple.product-type.application";
		};
/* End PBXNativeTarget section */

/* Begin PBXProject section */
		AC66128E29F9121500D38DB5 /* Project object */ = {
			isa = PBXProject;
			attributes = {
				BuildIndependentTargetsInParallel = 1;
				LastSwiftUpdateCheck = 1420;
				LastUpgradeCheck = 1420;
				TargetAttributes = {
					AC66129529F9121500D38DB5 = {
						CreatedOnToolsVersion = 14.2;
					};
				};
			};
			buildConfigurationList = AC66129129F9121500D38DB5 /* Build configuration list for PBXProject "InfinityScrolling" */;
			compatibilityVersion = "Xcode 14.0";
			developmentRegion = en;
			hasScannedForEncodings = 0;
			knownRegions = (
				en,
				Base,
			);
			mainGroup = AC66128D29F9121500D38DB5;
			packageReferences = (
				AC6612B729F93BE300D38DB5 /* XCRemoteSwiftPackageReference "SDWebImageSwiftUI" */,
			);
			productRefGroup = AC66129729F9121500D38DB5 /* Products */;
			projectDirPath = "";
			projectRoot = "";
			targets = (
				AC66129529F9121500D38DB5 /* InfinityScrolling */,
			);
		};
/* End PBXProject section */

/* Begin PBXResourcesBuildPhase section */
		AC66129429F9121500D38DB5 /* Resources */ = {
			isa = PBXResourcesBuildPhase;
			buildActionMask = 2147483647;
			files = (
				AC6612A129F9121600D38DB5 /* Preview Assets.xcassets in Resources */,
				AC66129E29F9121600D38DB5 /* Assets.xcassets in Resources */,
			);
			runOnlyForDeploymentPostprocessing = 0;
		};
/* End PBXResourcesBuildPhase section */

/* Begin PBXSourcesBuildPhase section */
		AC66129229F9121500D38DB5 /* Sources */ = {
			isa = PBXSourcesBuildPhase;
			buildActionMask = 2147483647;
			files = (
				AC66129C29F9121500D38DB5 /* ContentView.swift in Sources */,
				AC6612B629F93B3D00D38DB5 /* DetailView.swift in Sources */,
				AC6612B229F9257100D38DB5 /* UserViewModel.swift in Sources */,
				AC6612B029F9211200D38DB5 /* ApiService.swift in Sources */,
				AC6612B429F930B700D38DB5 /* Spinner.swift in Sources */,
				AC6612A829F916F200D38DB5 /* UserView.swift in Sources */,
				AC6612AA29F91F3800D38DB5 /* UserModel.swift in Sources */,
				AC66129A29F9121500D38DB5 /* InfinityScrollingApp.swift in Sources */,
			);
			runOnlyForDeploymentPostprocessing = 0;
		};
/* End PBXSourcesBuildPhase section */

/* Begin XCBuildConfiguration section */
		AC6612A229F9121600D38DB5 /* Debug */ = {
			isa = XCBuildConfiguration;
			buildSettings = {
				ALWAYS_SEARCH_USER_PATHS = NO;
				CLANG_ANALYZER_NONNULL = YES;
				CLANG_ANALYZER_NUMBER_OBJECT_CONVERSION = YES_AGGRESSIVE;
				CLANG_CXX_LANGUAGE_STANDARD = "gnu++20";
				CLANG_ENABLE_MODULES = YES;
				CLANG_ENABLE_OBJC_ARC = YES;
				CLANG_ENABLE_OBJC_WEAK = YES;
				CLANG_WARN_BLOCK_CAPTURE_AUTORELEASING = YES;
				CLANG_WARN_BOOL_CONVERSION = YES;
				CLANG_WARN_COMMA = YES;
				CLANG_WARN_CONSTANT_CONVERSION = YES;
				CLANG_WARN_DEPRECATED_OBJC_IMPLEMENTATIONS = YES;
				CLANG_WARN_DIRECT_OBJC_ISA_USAGE = YES_ERROR;
				CLANG_WARN_DOCUMENTATION_COMMENTS = YES;
				CLANG_WARN_EMPTY_BODY = YES;
				CLANG_WARN_ENUM_CONVERSION = YES;
				CLANG_WARN_INFINITE_RECURSION = YES;
				CLANG_WARN_INT_CONVERSION = YES;
				CLANG_WARN_NON_LITERAL_NULL_CONVERSION = YES;
				CLANG_WARN_OBJC_IMPLICIT_RETAIN_SELF = YES;
				CLANG_WARN_OBJC_LITERAL_CONVERSION = YES;
				CLANG_WARN_OBJC_ROOT_CLASS = YES_ERROR;
				CLANG_WARN_QUOTED_INCLUDE_IN_FRAMEWORK_HEADER = YES;
				CLANG_WARN_RANGE_LOOP_ANALYSIS = YES;
				CLANG_WARN_STRICT_PROTOTYPES = YES;
				CLANG_WARN_SUSPICIOUS_MOVE = YES;
				CLANG_WARN_UNGUARDED_AVAILABILITY = YES_AGGRESSIVE;
				CLANG_WARN_UNREACHABLE_CODE = YES;
				CLANG_WARN__DUPLICATE_METHOD_MATCH = YES;
				COPY_PHASE_STRIP = NO;
				DEBUG_INFORMATION_FORMAT = dwarf;
				ENABLE_STRICT_OBJC_MSGSEND = YES;
				ENABLE_TESTABILITY = YES;
				GCC_C_LANGUAGE_STANDARD = gnu11;
				GCC_DYNAMIC_NO_PIC = NO;
				GCC_NO_COMMON_BLOCKS = YES;
				GCC_OPTIMIZATION_LEVEL = 0;
				GCC_PREPROCESSOR_DEFINITIONS = (
					"DEBUG=1",
					"$(inherited)",
				);
				GCC_WARN_64_TO_32_BIT_CONVERSION = YES;
				GCC_WARN_ABOUT_RETURN_TYPE = YES_ERROR;
				GCC_WARN_UNDECLARED_SELECTOR = YES;
				GCC_WARN_UNINITIALIZED_AUTOS = YES_AGGRESSIVE;
				GCC_WARN_UNUSED_FUNCTION = YES;
				GCC_WARN_UNUSED_VARIABLE = YES;
				IPHONEOS_DEPLOYMENT_TARGET = 16.2;
				MTL_ENABLE_DEBUG_INFO = INCLUDE_SOURCE;
				MTL_FAST_MATH = YES;
				ONLY_ACTIVE_ARCH = YES;
				SDKROOT = iphoneos;
				SWIFT_ACTIVE_COMPILATION_CONDITIONS = DEBUG;
				SWIFT_OPTIMIZATION_LEVEL = "-Onone";
			};
			name = Debug;
		};
		AC6612A329F9121600D38DB5 /* Release */ = {
			isa = XCBuildConfiguration;
			buildSettings = {
				ALWAYS_SEARCH_USER_PATHS = NO;
				CLANG_ANALYZER_NONNULL = YES;
				CLANG_ANALYZER_NUMBER_OBJECT_CONVERSION = YES_AGGRESSIVE;
				CLANG_CXX_LANGUAGE_STANDARD = "gnu++20";
				CLANG_ENABLE_MODULES = YES;
				CLANG_ENABLE_OBJC_ARC = YES;
				CLANG_ENABLE_OBJC_WEAK = YES;
				CLANG_WARN_BLOCK_CAPTURE_AUTORELEASING = YES;
				CLANG_WARN_BOOL_CONVERSION = YES;
				CLANG_WARN_COMMA = YES;
				CLANG_WARN_CONSTANT_CONVERSION = YES;
				CLANG_WARN_DEPRECATED_OBJC_IMPLEMENTATIONS = YES;
				CLANG_WARN_DIRECT_OBJC_ISA_USAGE = YES_ERROR;
				CLANG_WARN_DOCUMENTATION_COMMENTS = YES;
				CLANG_WARN_EMPTY_BODY = YES;
				CLANG_WARN_ENUM_CONVERSION = YES;
				CLANG_WARN_INFINITE_RECURSION = YES;
				CLANG_WARN_INT_CONVERSION = YES;
				CLANG_WARN_NON_LITERAL_NULL_CONVERSION = YES;
				CLANG_WARN_OBJC_IMPLICIT_RETAIN_SELF = YES;
				CLANG_WARN_OBJC_LITERAL_CONVERSION = YES;
				CLANG_WARN_OBJC_ROOT_CLASS = YES_ERROR;
				CLANG_WARN_QUOTED_INCLUDE_IN_FRAMEWORK_HEADER = YES;
				CLANG_WARN_RANGE_LOOP_ANALYSIS = YES;
				CLANG_WARN_STRICT_PROTOTYPES = YES;
				CLANG_WARN_SUSPICIOUS_MOVE = YES;
				CLANG_WARN_UNGUARDED_AVAILABILITY = YES_AGGRESSIVE;
				CLANG_WARN_UNREACHABLE_CODE = YES;
				CLANG_WARN__DUPLICATE_METHOD_MATCH = YES;
				COPY_PHASE_STRIP = NO;
				DEBUG_INFORMATION_FORMAT = "dwarf-with-dsym";
				ENABLE_NS_ASSERTIONS = NO;
				ENABLE_STRICT_OBJC_MSGSEND = YES;
				GCC_C_LANGUAGE_STANDARD = gnu11;
				GCC_NO_COMMON_BLOCKS = YES;
				GCC_WARN_64_TO_32_BIT_CONVERSION = YES;
				GCC_WARN_ABOUT_RETURN_TYPE = YES_ERROR;
				GCC_WARN_UNDECLARED_SELECTOR = YES;
				GCC_WARN_UNINITIALIZED_AUTOS = YES_AGGRESSIVE;
				GCC_WARN_UNUSED_FUNCTION = YES;
				GCC_WARN_UNUSED_VARIABLE = YES;
				IPHONEOS_DEPLOYMENT_TARGET = 16.2;
				MTL_ENABLE_DEBUG_INFO = NO;
				MTL_FAST_MATH = YES;
				SDKROOT = iphoneos;
				SWIFT_COMPILATION_MODE = wholemodule;
				SWIFT_OPTIMIZATION_LEVEL = "-O";
				VALIDATE_PRODUCT = YES;
			};
			name = Release;
		};
		AC6612A529F9121600D38DB5 /* Debug */ = {
			isa = XCBuildConfiguration;
			buildSettings = {
				ASSETCATALOG_COMPILER_APPICON_NAME = AppIcon;
				ASSETCATALOG_COMPILER_GLOBAL_ACCENT_COLOR_NAME = AccentColor;
				CODE_SIGN_STYLE = Automatic;
				CURRENT_PROJECT_VERSION = 1;
				DEVELOPMENT_ASSET_PATHS = "\"InfinityScrolling/Preview Content\"";
				DEVELOPMENT_TEAM = LU893QGJWJ;
				ENABLE_PREVIEWS = YES;
				GENERATE_INFOPLIST_FILE = YES;
				INFOPLIST_KEY_UIApplicationSceneManifest_Generation = YES;
				INFOPLIST_KEY_UIApplicationSupportsIndirectInputEvents = YES;
				INFOPLIST_KEY_UILaunchScreen_Generation = YES;
				INFOPLIST_KEY_UISupportedInterfaceOrientations_iPad = "UIInterfaceOrientationPortrait UIInterfaceOrientationPortraitUpsideDown UIInterfaceOrientationLandscapeLeft UIInterfaceOrientationLandscapeRight";
				INFOPLIST_KEY_UISupportedInterfaceOrientations_iPhone = "UIInterfaceOrientationPortrait UIInterfaceOrientationLandscapeLeft UIInterfaceOrientationLandscapeRight";
				LD_RUNPATH_SEARCH_PATHS = (
					"$(inherited)",
					"@executable_path/Frameworks",
				);
				MARKETING_VERSION = 1.0;
				PRODUCT_BUNDLE_IDENTIFIER = Bhumika.InfinityScrolling;
				PRODUCT_NAME = "$(TARGET_NAME)";
				SWIFT_EMIT_LOC_STRINGS = YES;
				SWIFT_VERSION = 5.0;
				TARGETED_DEVICE_FAMILY = "1,2";
			};
			name = Debug;
		};
		AC6612A629F9121600D38DB5 /* Release */ = {
			isa = XCBuildConfiguration;
			buildSettings = {
				ASSETCATALOG_COMPILER_APPICON_NAME = AppIcon;
				ASSETCATALOG_COMPILER_GLOBAL_ACCENT_COLOR_NAME = AccentColor;
				CODE_SIGN_STYLE = Automatic;
				CURRENT_PROJECT_VERSION = 1;
				DEVELOPMENT_ASSET_PATHS = "\"InfinityScrolling/Preview Content\"";
				DEVELOPMENT_TEAM = LU893QGJWJ;
				ENABLE_PREVIEWS = YES;
				GENERATE_INFOPLIST_FILE = YES;
				INFOPLIST_KEY_UIApplicationSceneManifest_Generation = YES;
				INFOPLIST_KEY_UIApplicationSupportsIndirectInputEvents = YES;
				INFOPLIST_KEY_UILaunchScreen_Generation = YES;
				INFOPLIST_KEY_UISupportedInterfaceOrientations_iPad = "UIInterfaceOrientationPortrait UIInterfaceOrientationPortraitUpsideDown UIInterfaceOrientationLandscapeLeft UIInterfaceOrientationLandscapeRight";
				INFOPLIST_KEY_UISupportedInterfaceOrientations_iPhone = "UIInterfaceOrientationPortrait UIInterfaceOrientationLandscapeLeft UIInterfaceOrientationLandscapeRight";
				LD_RUNPATH_SEARCH_PATHS = (
					"$(inherited)",
					"@executable_path/Frameworks",
				);
				MARKETING_VERSION = 1.0;
				PRODUCT_BUNDLE_IDENTIFIER = Bhumika.InfinityScrolling;
				PRODUCT_NAME = "$(TARGET_NAME)";
				SWIFT_EMIT_LOC_STRINGS = YES;
				SWIFT_VERSION = 5.0;
				TARGETED_DEVICE_FAMILY = "1,2";
			};
			name = Release;
		};
/* End XCBuildConfiguration section */

/* Begin XCConfigurationList section */
		AC66129129F9121500D38DB5 /* Build configuration list for PBXProject "InfinityScrolling" */ = {
			isa = XCConfigurationList;
			buildConfigurations = (
				AC6612A229F9121600D38DB5 /* Debug */,
				AC6612A329F9121600D38DB5 /* Release */,
			);
			defaultConfigurationIsVisible = 0;
			defaultConfigurationName = Release;
		};
		AC6612A429F9121600D38DB5 /* Build configuration list for PBXNativeTarget "InfinityScrolling" */ = {
			isa = XCConfigurationList;
			buildConfigurations = (
				AC6612A529F9121600D38DB5 /* Debug */,
				AC6612A629F9121600D38DB5 /* Release */,
			);
			defaultConfigurationIsVisible = 0;
			defaultConfigurationName = Release;
		};
/* End XCConfigurationList section */

/* Begin XCRemoteSwiftPackageReference section */
		AC6612B729F93BE300D38DB5 /* XCRemoteSwiftPackageReference "SDWebImageSwiftUI" */ = {
			isa = XCRemoteSwiftPackageReference;
			repositoryURL = "https://github.com/SDWebImage/SDWebImageSwiftUI.git";
			requirement = {
				kind = upToNextMajorVersion;
				minimumVersion = 2.0.0;
			};
		};
/* End XCRemoteSwiftPackageReference section */

/* Begin XCSwiftPackageProductDependency section */
		AC6612B829F93BE300D38DB5 /* SDWebImageSwiftUI */ = {
			isa = XCSwiftPackageProductDependency;
			package = AC6612B729F93BE300D38DB5 /* XCRemoteSwiftPackageReference "SDWebImageSwiftUI" */;
			productName = SDWebImageSwiftUI;
		};
/* End XCSwiftPackageProductDependency section */
	};
	rootObject = AC66128E29F9121500D38DB5 /* Project object */;
}
